
Microsoft Visual Studio Solution File, Format Version 12.00
# Visual Studio Version 17
VisualStudioVersion = 17.11.35222.181
MinimumVisualStudioVersion = 10.0.40219.1
Project("{FAE04EC0-301F-11D3-BF4B-00C04F79EFBC}") = "Tyuiu.Spirin", "Tyuiu.Spirin.csproj", "{ED4C92F2-E028-4CE7-9D27-29615FB828C9}"
EndProject
Project("{2150E333-8FDC-42A3-9474-1A3956D46DE8}") = "Task0", "Task0", "{11E8E788-0CC2-4285-B180-9F24EEA88413}"
EndProject
Project("{2150E333-8FDC-42A3-9474-1A3956D46DE8}") = "Task1", "Task1", "{B7517BA3-0BFB-4C47-A261-0484BF15D1FB}"
EndProject
Project("{FAE04EC0-301F-11D3-BF4B-00C04F79EFBC}") = "Tyuiu.SavtsovNE.Sprint0.Task1.V0", "..\Tyuiu.SavtsovNE.Sprint0.Task1.V0\Tyuiu.SavtsovNE.Sprint0.Task1.V0.csproj", "{3CB71A55-28E7-40B9-9BCE-A169FF4D77CB}"
EndProject
Project("{2150E333-8FDC-42A3-9474-1A3956D46DE8}") = "Task2", "Task2", "{900ACEB9-0632-456A-8CB7-DC8AAE1B871A}"
EndProject
Project("{FAE04EC0-301F-11D3-BF4B-00C04F79EFBC}") = "Tyuiu.SavtsovNE.Sprint0.Task2.V0", "..\ConsoleApp3\Tyuiu.SavtsovNE.Sprint0.Task2.V0.csproj", "{9186F2FD-FE2C-49D8-9C27-3446349AE0BA}"
EndProject
Project("{FAE04EC0-301F-11D3-BF4B-00C04F79EFBC}") = "Tyuiu.SavtsovNE.Sprint0.Task2.V0.Lib", "..\Tyuiu.SavtsovNE.Sprint0.Task2.V0.Lib\Tyuiu.SavtsovNE.Sprint0.Task2.V0.Lib.csproj", "{92D4695C-3708-4C22-A60A-9F44E6298EF3}"
EndProject
Project("{FAE04EC0-301F-11D3-BF4B-00C04F79EFBC}") = "Tyuiu.SavtsovNE.Sprint0.Task2.V0.Test", "..\Tyuiu.SavtsovNE.Sprint0.Task2.V0.Test\Tyuiu.SavtsovNE.Sprint0.Task2.V0.Test.csproj", "{D208223C-EAAC-4D95-B4FF-B1C0E8497431}"
EndProject
Project("{2150E333-8FDC-42A3-9474-1A3956D46DE8}") = "Task3", "Task3", "{6C37A5B0-EDCF-48DC-A2F8-A36A6E115AD6}"
EndProject
Project("{FAE04EC0-301F-11D3-BF4B-00C04F79EFBC}") = "Tyuiu.SavtsovNE.Sprint0.Task3.V0", "..\Tyuiu.SavtsovNE.Sprint0.Task3.V0\Tyuiu.SavtsovNE.Sprint0.Task3.V0.csproj", "{DA2D664E-E283-41E0-B0DA-F1E69FB98E4C}"
EndProject
Project("{FAE04EC0-301F-11D3-BF4B-00C04F79EFBC}") = "Tyuiu.SavtsovNE.Sprint0.Task3.V0.Lib", "..\Tyuiu.SavtsovNE.Sprint0.Task3.V0.Lib\Tyuiu.SavtsovNE.Sprint0.Task3.V0.Lib.csproj", "{F49EB926-9BE0-4647-A2BA-A2DE4FBE53B8}"
EndProject
Project("{FAE04EC0-301F-11D3-BF4B-00C04F79EFBC}") = "Tyuiu.SavtsovNE.Sprint0.Task3.V0.Test", "..\Tyuiu.SavtsovNE.Sprint0.Task3.V0.Test\Tyuiu.SavtsovNE.Sprint0.Task3.V0.Test.csproj", "{4961EC86-93B1-411A-926D-415D2E38323C}"
EndProject
Project("{2150E333-8FDC-42A3-9474-1A3956D46DE8}") = "Task4", "Task4", "{AE62EA34-4CEC-4198-B8E8-18839402E465}"
EndProject
Project("{FAE04EC0-301F-11D3-BF4B-00C04F79EFBC}") = "Tyuiu.SavtsovNE.Sprint0.Task4.V0.Lib", "..\Tyuiu.SavtsovNE.Sprint0.Task4.V0.Lib\Tyuiu.SavtsovNE.Sprint0.Task4.V0.Lib.csproj", "{5860FD58-22B2-491F-B129-44CEE1540016}"
EndProject
Project("{FAE04EC0-301F-11D3-BF4B-00C04F79EFBC}") = "Tyuiu.SavtsovNE.Sprint0.Task4.V0.Test", "..\Tyuiu.SavtsovNE.Sprint0.Task4.V0.Test\Tyuiu.SavtsovNE.Sprint0.Task4.V0.Test.csproj", "{1A8BF062-553A-401F-810F-F0F3C5DF3362}"
EndProject
Project("{FAE04EC0-301F-11D3-BF4B-00C04F79EFBC}") = "Tyuiu.SavtsovNE.Sprint0.Task4.V0", "..\Tyuiu.SavtsovNE.Sprint0.Task4.V0\Tyuiu.SavtsovNE.Sprint0.Task4.V0.csproj", "{2A310863-5945-4C55-B53F-4DEA934BF28A}"
EndProject
Project("{2150E333-8FDC-42A3-9474-1A3956D46DE8}") = "Task5", "Task5", "{1ECABCD1-BD4D-4537-B5DF-B78D74D49428}"
EndProject
Project("{FAE04EC0-301F-11D3-BF4B-00C04F79EFBC}") = "Tyuiu.SavtsovNE.Sprint0.Task5.V0", "..\Tyuiu.SavtsovNE.Sprint0.Task5.V0\Tyuiu.SavtsovNE.Sprint0.Task5.V0.csproj", "{76A84F06-2827-4C67-AD06-5C4E9B7526F0}"
EndProject
Project("{FAE04EC0-301F-11D3-BF4B-00C04F79EFBC}") = "Tyuiu.SavtsovNE.Sprint0.Task5.V0.Lib", "..\Tyuiu.SavtsovNE.Sprint0.Task5.V0.Lib\Tyuiu.SavtsovNE.Sprint0.Task5.V0.Lib.csproj", "{5D11F354-A9EB-4E28-8BE6-296BDE8478F4}"
EndProject
Project("{FAE04EC0-301F-11D3-BF4B-00C04F79EFBC}") = "Tyuiu.SavtsovNE.Sprint0.Task5.V0.Test", "..\Tyuiu.SavtsovNE.Sprint0.Task5.V0.Test\Tyuiu.SavtsovNE.Sprint0.Task5.V0.Test.csproj", "{2E2DCCF4-D74C-4682-A485-5EDB83A8A124}"
EndProject
Project("{2150E333-8FDC-42A3-9474-1A3956D46DE8}") = "Task6", "Task6", "{1523F6E1-105B-4DEB-AD4B-DAB20524D97C}"
EndProject
Project("{FAE04EC0-301F-11D3-BF4B-00C04F79EFBC}") = "Tyuiu.SavtsovNE.Sprint0.Task6.V0", "..\Tyuiu.SavtsovNE.Sprint0.Task6.V0\Tyuiu.SavtsovNE.Sprint0.Task6.V0.csproj", "{8FAB0B56-C7A5-4E34-A86D-DA5FFB6D4EA0}"
EndProject
Project("{FAE04EC0-301F-11D3-BF4B-00C04F79EFBC}") = "Tyuiu.SavtsovNE.Sprint0.Task6.V0.Lib", "..\Tyuiu.SavtsovNE.Sprint0.Task6.V0.Lib\Tyuiu.SavtsovNE.Sprint0.Task6.V0.Lib.csproj", "{A9224B3A-6C4A-4387-9D57-CA03C822B108}"
EndProject
Project("{FAE04EC0-301F-11D3-BF4B-00C04F79EFBC}") = "Tyuiu.SavtsovNE.Sprint0.Task6.V0.Test", "..\Tyuiu.SavtsovNE.Sprint0.Task6.V0.Test\Tyuiu.SavtsovNE.Sprint0.Task6.V0.Test.csproj", "{2FC0D1DF-706D-44E9-8B51-C54ED2E3F49F}"
EndProject
Global
	GlobalSection(SolutionConfigurationPlatforms) = preSolution
		Debug|Any CPU = Debug|Any CPU
		Release|Any CPU = Release|Any CPU
	EndGlobalSection
	GlobalSection(ProjectConfigurationPlatforms) = postSolution
		{ED4C92F2-E028-4CE7-9D27-29615FB828C9}.Debug|Any CPU.ActiveCfg = Debug|Any CPU
		{ED4C92F2-E028-4CE7-9D27-29615FB828C9}.Debug|Any CPU.Build.0 = Debug|Any CPU
		{ED4C92F2-E028-4CE7-9D27-29615FB828C9}.Release|Any CPU.ActiveCfg = Release|Any CPU
		{ED4C92F2-E028-4CE7-9D27-29615FB828C9}.Release|Any CPU.Build.0 = Release|Any CPU
		{3CB71A55-28E7-40B9-9BCE-A169FF4D77CB}.Debug|Any CPU.ActiveCfg = Debug|Any CPU
		{3CB71A55-28E7-40B9-9BCE-A169FF4D77CB}.Debug|Any CPU.Build.0 = Debug|Any CPU
		{3CB71A55-28E7-40B9-9BCE-A169FF4D77CB}.Release|Any CPU.ActiveCfg = Release|Any CPU
		{3CB71A55-28E7-40B9-9BCE-A169FF4D77CB}.Release|Any CPU.Build.0 = Release|Any CPU
		{9186F2FD-FE2C-49D8-9C27-3446349AE0BA}.Debug|Any CPU.ActiveCfg = Debug|Any CPU
		{9186F2FD-FE2C-49D8-9C27-3446349AE0BA}.Debug|Any CPU.Build.0 = Debug|Any CPU
		{9186F2FD-FE2C-49D8-9C27-3446349AE0BA}.Release|Any CPU.ActiveCfg = Release|Any CPU
		{9186F2FD-FE2C-49D8-9C27-3446349AE0BA}.Release|Any CPU.Build.0 = Release|Any CPU
		{92D4695C-3708-4C22-A60A-9F44E6298EF3}.Debug|Any CPU.ActiveCfg = Debug|Any CPU
		{92D4695C-3708-4C22-A60A-9F44E6298EF3}.Debug|Any CPU.Build.0 = Debug|Any CPU
		{92D4695C-3708-4C22-A60A-9F44E6298EF3}.Release|Any CPU.ActiveCfg = Release|Any CPU
		{92D4695C-3708-4C22-A60A-9F44E6298EF3}.Release|Any CPU.Build.0 = Release|Any CPU
		{D208223C-EAAC-4D95-B4FF-B1C0E8497431}.Debug|Any CPU.ActiveCfg = Debug|Any CPU
		{D208223C-EAAC-4D95-B4FF-B1C0E8497431}.Debug|Any CPU.Build.0 = Debug|Any CPU
		{D208223C-EAAC-4D95-B4FF-B1C0E8497431}.Release|Any CPU.ActiveCfg = Release|Any CPU
		{D208223C-EAAC-4D95-B4FF-B1C0E8497431}.Release|Any CPU.Build.0 = Release|Any CPU
		{DA2D664E-E283-41E0-B0DA-F1E69FB98E4C}.Debug|Any CPU.ActiveCfg = Debug|Any CPU
		{DA2D664E-E283-41E0-B0DA-F1E69FB98E4C}.Debug|Any CPU.Build.0 = Debug|Any CPU
		{DA2D664E-E283-41E0-B0DA-F1E69FB98E4C}.Release|Any CPU.ActiveCfg = Release|Any CPU
		{DA2D664E-E283-41E0-B0DA-F1E69FB98E4C}.Release|Any CPU.Build.0 = Release|Any CPU
		{F49EB926-9BE0-4647-A2BA-A2DE4FBE53B8}.Debug|Any CPU.ActiveCfg = Debug|Any CPU
		{F49EB926-9BE0-4647-A2BA-A2DE4FBE53B8}.Debug|Any CPU.Build.0 = Debug|Any CPU
		{F49EB926-9BE0-4647-A2BA-A2DE4FBE53B8}.Release|Any CPU.ActiveCfg = Release|Any CPU
		{F49EB926-9BE0-4647-A2BA-A2DE4FBE53B8}.Release|Any CPU.Build.0 = Release|Any CPU
		{4961EC86-93B1-411A-926D-415D2E38323C}.Debug|Any CPU.ActiveCfg = Debug|Any CPU
		{4961EC86-93B1-411A-926D-415D2E38323C}.Debug|Any CPU.Build.0 = Debug|Any CPU
		{4961EC86-93B1-411A-926D-415D2E38323C}.Release|Any CPU.ActiveCfg = Release|Any CPU
		{4961EC86-93B1-411A-926D-415D2E38323C}.Release|Any CPU.Build.0 = Release|Any CPU
		{5860FD58-22B2-491F-B129-44CEE1540016}.Debug|Any CPU.ActiveCfg = Debug|Any CPU
		{5860FD58-22B2-491F-B129-44CEE1540016}.Debug|Any CPU.Build.0 = Debug|Any CPU
		{5860FD58-22B2-491F-B129-44CEE1540016}.Release|Any CPU.ActiveCfg = Release|Any CPU
		{5860FD58-22B2-491F-B129-44CEE1540016}.Release|Any CPU.Build.0 = Release|Any CPU
		{1A8BF062-553A-401F-810F-F0F3C5DF3362}.Debug|Any CPU.ActiveCfg = Debug|Any CPU
		{1A8BF062-553A-401F-810F-F0F3C5DF3362}.Debug|Any CPU.Build.0 = Debug|Any CPU
		{1A8BF062-553A-401F-810F-F0F3C5DF3362}.Release|Any CPU.ActiveCfg = Release|Any CPU
		{1A8BF062-553A-401F-810F-F0F3C5DF3362}.Release|Any CPU.Build.0 = Release|Any CPU
		{2A310863-5945-4C55-B53F-4DEA934BF28A}.Debug|Any CPU.ActiveCfg = Debug|Any CPU
		{2A310863-5945-4C55-B53F-4DEA934BF28A}.Debug|Any CPU.Build.0 = Debug|Any CPU
		{2A310863-5945-4C55-B53F-4DEA934BF28A}.Release|Any CPU.ActiveCfg = Release|Any CPU
		{2A310863-5945-4C55-B53F-4DEA934BF28A}.Release|Any CPU.Build.0 = Release|Any CPU
		{76A84F06-2827-4C67-AD06-5C4E9B7526F0}.Debug|Any CPU.ActiveCfg = Debug|Any CPU
		{76A84F06-2827-4C67-AD06-5C4E9B7526F0}.Debug|Any CPU.Build.0 = Debug|Any CPU
		{76A84F06-2827-4C67-AD06-5C4E9B7526F0}.Release|Any CPU.ActiveCfg = Release|Any CPU
		{76A84F06-2827-4C67-AD06-5C4E9B7526F0}.Release|Any CPU.Build.0 = Release|Any CPU
		{5D11F354-A9EB-4E28-8BE6-296BDE8478F4}.Debug|Any CPU.ActiveCfg = Debug|Any CPU
		{5D11F354-A9EB-4E28-8BE6-296BDE8478F4}.Debug|Any CPU.Build.0 = Debug|Any CPU
		{5D11F354-A9EB-4E28-8BE6-296BDE8478F4}.Release|Any CPU.ActiveCfg = Release|Any CPU
		{5D11F354-A9EB-4E28-8BE6-296BDE8478F4}.Release|Any CPU.Build.0 = Release|Any CPU
		{2E2DCCF4-D74C-4682-A485-5EDB83A8A124}.Debug|Any CPU.ActiveCfg = Debug|Any CPU
		{2E2DCCF4-D74C-4682-A485-5EDB83A8A124}.Debug|Any CPU.Build.0 = Debug|Any CPU
		{2E2DCCF4-D74C-4682-A485-5EDB83A8A124}.Release|Any CPU.ActiveCfg = Release|Any CPU
		{2E2DCCF4-D74C-4682-A485-5EDB83A8A124}.Release|Any CPU.Build.0 = Release|Any CPU
		{8FAB0B56-C7A5-4E34-A86D-DA5FFB6D4EA0}.Debug|Any CPU.ActiveCfg = Debug|Any CPU
		{8FAB0B56-C7A5-4E34-A86D-DA5FFB6D4EA0}.Debug|Any CPU.Build.0 = Debug|Any CPU
		{8FAB0B56-C7A5-4E34-A86D-DA5FFB6D4EA0}.Release|Any CPU.ActiveCfg = Release|Any CPU
		{8FAB0B56-C7A5-4E34-A86D-DA5FFB6D4EA0}.Release|Any CPU.Build.0 = Release|Any CPU
		{A9224B3A-6C4A-4387-9D57-CA03C822B108}.Debug|Any CPU.ActiveCfg = Debug|Any CPU
		{A9224B3A-6C4A-4387-9D57-CA03C822B108}.Debug|Any CPU.Build.0 = Debug|Any CPU
		{A9224B3A-6C4A-4387-9D57-CA03C822B108}.Release|Any CPU.ActiveCfg = Release|Any CPU
		{A9224B3A-6C4A-4387-9D57-CA03C822B108}.Release|Any CPU.Build.0 = Release|Any CPU
		{2FC0D1DF-706D-44E9-8B51-C54ED2E3F49F}.Debug|Any CPU.ActiveCfg = Debug|Any CPU
		{2FC0D1DF-706D-44E9-8B51-C54ED2E3F49F}.Debug|Any CPU.Build.0 = Debug|Any CPU
		{2FC0D1DF-706D-44E9-8B51-C54ED2E3F49F}.Release|Any CPU.ActiveCfg = Release|Any CPU
		{2FC0D1DF-706D-44E9-8B51-C54ED2E3F49F}.Release|Any CPU.Build.0 = Release|Any CPU
	EndGlobalSection
	GlobalSection(SolutionProperties) = preSolution
		HideSolutionNode = FALSE
	EndGlobalSection
	GlobalSection(NestedProjects) = preSolution
		{ED4C92F2-E028-4CE7-9D27-29615FB828C9} = {11E8E788-0CC2-4285-B180-9F24EEA88413}
		{3CB71A55-28E7-40B9-9BCE-A169FF4D77CB} = {B7517BA3-0BFB-4C47-A261-0484BF15D1FB}
		{9186F2FD-FE2C-49D8-9C27-3446349AE0BA} = {900ACEB9-0632-456A-8CB7-DC8AAE1B871A}
		{92D4695C-3708-4C22-A60A-9F44E6298EF3} = {900ACEB9-0632-456A-8CB7-DC8AAE1B871A}
		{D208223C-EAAC-4D95-B4FF-B1C0E8497431} = {900ACEB9-0632-456A-8CB7-DC8AAE1B871A}
		{DA2D664E-E283-41E0-B0DA-F1E69FB98E4C} = {6C37A5B0-EDCF-48DC-A2F8-A36A6E115AD6}
		{F49EB926-9BE0-4647-A2BA-A2DE4FBE53B8} = {6C37A5B0-EDCF-48DC-A2F8-A36A6E115AD6}
		{4961EC86-93B1-411A-926D-415D2E38323C} = {6C37A5B0-EDCF-48DC-A2F8-A36A6E115AD6}
		{5860FD58-22B2-491F-B129-44CEE1540016} = {AE62EA34-4CEC-4198-B8E8-18839402E465}
		{1A8BF062-553A-401F-810F-F0F3C5DF3362} = {AE62EA34-4CEC-4198-B8E8-18839402E465}
		{2A310863-5945-4C55-B53F-4DEA934BF28A} = {AE62EA34-4CEC-4198-B8E8-18839402E465}
		{76A84F06-2827-4C67-AD06-5C4E9B7526F0} = {1ECABCD1-BD4D-4537-B5DF-B78D74D49428}
		{5D11F354-A9EB-4E28-8BE6-296BDE8478F4} = {1ECABCD1-BD4D-4537-B5DF-B78D74D49428}
		{2E2DCCF4-D74C-4682-A485-5EDB83A8A124} = {1ECABCD1-BD4D-4537-B5DF-B78D74D49428}
		{8FAB0B56-C7A5-4E34-A86D-DA5FFB6D4EA0} = {1523F6E1-105B-4DEB-AD4B-DAB20524D97C}
		{A9224B3A-6C4A-4387-9D57-CA03C822B108} = {1523F6E1-105B-4DEB-AD4B-DAB20524D97C}
		{2FC0D1DF-706D-44E9-8B51-C54ED2E3F49F} = {1523F6E1-105B-4DEB-AD4B-DAB20524D97C}
	EndGlobalSection
	GlobalSection(ExtensibilityGlobals) = postSolution
		SolutionGuid = {5DA4DBEE-936F-479C-A39F-B9C3E98B7C91}
	EndGlobalSection
EndGlobal
